<?xml version="1.0" encoding="utf-8"?>
<Project ToolsVersion="4.0" xmlns="http://schemas.microsoft.com/developer/msbuild/2003">
  <ItemGroup>
    <Filter Include="リソース ファイル">
      <UniqueIdentifier>{67DA6AB6-F800-4c08-8B7A-83BB121AAD01}</UniqueIdentifier>
      <Extensions>rc;ico;cur;bmp;dlg;rc2;rct;bin;rgs;gif;jpg;jpeg;jpe;resx;tiff;tif;png;wav;mfcribbon-ms</Extensions>
    </Filter>
    <Filter Include="Math">
      <UniqueIdentifier>{199f6276-3b66-4a3c-a0c1-eea1d3bc4747}</UniqueIdentifier>
    </Filter>
    <Filter Include="imgui">
      <UniqueIdentifier>{ab060979-25c6-4be0-abb0-ed35e516c385}</UniqueIdentifier>
    </Filter>
    <Filter Include="ImGuizmo">
      <UniqueIdentifier>{7f3f5b3f-2e5a-4c1a-9a3e-3b1d6f9b2c6a}</UniqueIdentifier>
    </Filter>
    <Filter Include="HLSL">
      <UniqueIdentifier>{1468e40e-d21c-4e52-a632-942cfb664c74}</UniqueIdentifier>
    </Filter>
    <Filter Include="Particle">
      <UniqueIdentifier>{38855aa0-c01c-46c4-956c-1bf1429379af}</UniqueIdentifier>
    </Filter>
  </ItemGroup>
  <ItemGroup>
    <None Include=".editorconfig" />
    <None Include="HLSL\Object3d.hlsli">
      <Filter>HLSL</Filter>
    </None>
  </ItemGroup>
  <ItemGroup>
    <ClCompile Include="main.cpp" />
    <ClCompile Include="Externals\imgui\imgui.cpp">
      <Filter>imgui</Filter>
    </ClCompile>
    <ClCompile Include="Externals\imgui\imgui_demo.cpp">
      <Filter>imgui</Filter>
    </ClCompile>
    <ClCompile Include="Externals\imgui\imgui_draw.cpp">
      <Filter>imgui</Filter>
    </ClCompile>
    <ClCompile Include="Externals\imgui\imgui_impl_dx12.cpp">
      <Filter>imgui</Filter>
    </ClCompile>
    <ClCompile Include="Externals\imgui\imgui_impl_win32.cpp">
      <Filter>imgui</Filter>
    </ClCompile>
    <ClCompile Include="Externals\imgui\imgui_tables.cpp">
      <Filter>imgui</Filter>
    </ClCompile>
    <ClCompile Include="Externals\imgui\imgui_widgets.cpp">
      <Filter>imgui</Filter>
    </ClCompile>
    <ClCompile Include="Externals\imgui\imguiManager.cpp">
      <Filter>imgui</Filter>
    </ClCompile>
    <ClCompile Include="Externals\ImGuizmo\src\ImGuizmo.cpp">
      <Filter>ImGuizmo</Filter>
    </ClCompile>
    <ClCompile Include="Particle\TrailParticle3D.cpp">
      <Filter>Particle</Filter>
    </ClCompile>
    <ClCompile Include="Engine\Camera\Camera.cpp" />
    <ClCompile Include="Engine\Graphics\Pipeline\LinePipeline.cpp" />
    <ClCompile Include="Engine\Graphics\Pipeline\Pipeline.cpp" />
    <ClCompile Include="Engine\Graphics\DescriptorHeaps\DescriptorHeaps.cpp" />
    <ClCompile Include="Engine\GameObject\Component\CubeRenderComponent.cpp" />
    <ClCompile Include="Engine\GameObject\Component\SphereRenderComponent.cpp" />
    <ClCompile Include="Engine\GameObject\Component\TriangleRenderComponent.cpp" />
    <ClCompile Include="Engine\GameObject\Component\ModelRenderComponent.cpp" />
    <ClCompile Include="Engine\GameObject\Component\SpriteRenderComponent.cpp" />
    <ClCompile Include="Engine\GameObject\Component\RenderComponentFactory.cpp" />
    <ClCompile Include="Engine\GameObject\Component\SphereColliderComponent.cpp" />
    <ClCompile Include="Engine\GameObject\Component\OBBColliderComponent.cpp" />
    <ClCompile Include="Engine\Graphics\Object\Line\Line.cpp" />
    <ClCompile Include="Engine\Graphics\Object\Triangle\Triangle.cpp" />
    <ClCompile Include="Engine\Graphics\ShaderCompiler\ShaderCompiler.cpp" />
    <ClCompile Include="Engine\Graphics\Texture\TextureManager.cpp" />
    <ClCompile Include="Engine\InputDevice\InputDevice.cpp" />
    <ClCompile Include="Game\Game.cpp" />
    <ClCompile Include="Engine\Utils\DeltaTime.cpp" />
    <ClCompile Include="Engine\Utils\Logger.cpp" />
    <ClCompile Include="Engine\Utils\StringUtils.cpp" />
    <ClCompile Include="Engine\Window\Window.cpp" />
    <ClCompile Include="Debug\Debug.cpp" />
    <ClCompile Include="Engine\Engine.cpp" />
    <ClCompile Include="Engine\Graphics\Object\Sprite\Sprite.cpp" />
    <ClCompile Include="Engine\Graphics\Object\Sphere\Sphere.cpp" />
    <ClCompile Include="Engine\Graphics\ResourceFactory\ResourceFactory.cpp" />
    <ClCompile Include="Engine\Graphics\ResourceFactory\InstancedWvpColorBuffer.cpp" />
    <ClCompile Include="Engine\Graphics\DirectXDevice\DirectXDevice.cpp" />
    <ClCompile Include="Engine\Graphics\CommandManager\CommandManager.cpp" />
    <ClCompile Include="Engine\Graphics\Renderer\DirectXManager.cpp" />
    <ClCompile Include="Engine\Graphics\Renderer\Renderer.cpp" />
    <ClCompile Include="Engine\Graphics\SwapChainManager\SwapChainManager.cpp" />
    <ClCompile Include="Engine\Graphics\Object\Cube\Cube.cpp" />
    <ClCompile Include="Math\Collision.cpp" />
    <ClCompile Include="Engine\Graphics\Lighting\SceneLight.cpp" />
    <ClCompile Include="Engine\Audio\AudioManager.cpp" />
    <ClCompile Include="Engine\Audio\Sound.cpp" />
    <ClCompile Include="Engine\Graphics\Object\Model\Model.cpp" />
    <ClCompile Include="Engine\Graphics\Object\Model\Model_ObjLoader.cpp" />
    <ClCompile Include="Engine\Graphics\Object\Model\Model_AssimpLoader.cpp" />
    <ClCompile Include="Engine\Graphics\Object\Model\Model_SkeletalAnimation.cpp" />
    <ClCompile Include="Engine\Graphics\Pipeline\SkinnedPipeline.cpp" />
    <ClCompile Include="Engine\Graphics\Pipeline\PipelineBase.cpp" />
  </ItemGroup>
  <ItemGroup>
    <ClInclude Include="Math\MathTypes.h">
      <Filter>Math</Filter>
    </ClInclude>
    <ClInclude Include="Math\MatrixMath.h">
      <Filter>Math</Filter>
    </ClInclude>
    <ClInclude Include="Math\VectorMath.h">
      <Filter>Math</Filter>
    </ClInclude>
    <ClInclude Include="Math\TransformMath.h">
      <Filter>Math</Filter>
    </ClInclude>
    <ClInclude Include="Externals\imgui\imconfig.h">
      <Filter>imgui</Filter>
    </ClInclude>
    <ClInclude Include="Externals\imgui\imgui.h">
      <Filter>imgui</Filter>
    </ClInclude>
    <ClInclude Include="Externals\imgui\imgui_impl_dx12.h">
      <Filter>imgui</Filter>
    </ClInclude>
    <ClInclude Include="Externals\imgui\imgui_impl_win32.h">
      <Filter>imgui</Filter>
    </ClInclude>
    <ClInclude Include="Externals\imgui\imgui_internal.h">
      <Filter>imgui</Filter>
    </ClInclude>
    <ClInclude Include="Externals\imgui\imstb_rectpack.h">
      <Filter>imgui</Filter>
    </ClInclude>
    <ClInclude Include="Externals\imgui\imstb_textedit.h">
      <Filter>imgui</Filter>
    </ClInclude>
    <ClInclude Include="Externals\imgui\imstb_truetype.h">
      <Filter>imgui</Filter>
    </ClInclude>
    <ClInclude Include="Externals\imgui\imguiManager.h">
      <Filter>imgui</Filter>
    </ClInclude>
    <ClInclude Include="Externals\ImGuizmo\src\ImGuizmo.h">
      <Filter>ImGuizmo</Filter>
    </ClInclude>
    <ClInclude Include="Particle\TrailParticle3D.h">
      <Filter>Particle</Filter>
    </ClInclude>
    <ClInclude Include="Engine\Camera\Camera.h" />
    <ClInclude Include="Engine\Graphics\Pipeline\LinePipeline.h" />
    <ClInclude Include="Engine\Graphics\Pipeline\Pipeline.h" />
    <ClInclude Include="Engine\Graphics\DescriptorHeaps\DescriptorHeaps.h" />
    <ClInclude Include="Engine\GameObject\GameObject.h" />
    <ClInclude Include="Engine\GameObject\IComponent.h" />
    <ClInclude Include="Engine\GameObject\Component\RenderComponentBase.h" />
    <ClInclude Include="Engine\GameObject\Component\CubeRenderComponent.h" />
    <ClInclude Include="Engine\GameObject\Component\SphereRenderComponent.h" />
    <ClInclude Include="Engine\GameObject\Component\TriangleRenderComponent.h" />
    <ClInclude Include="Engine\GameObject\Component\ModelRenderComponent.h" />
    <ClInclude Include="Engine\GameObject\Component\SpriteRenderComponent.h" />
    <ClInclude Include="Engine\GameObject\Component\SphereColliderComponent.h" />
    <ClInclude Include="Engine\GameObject\Component\OBBColliderComponent.h" />
    <ClInclude Include="Engine\GameObject\Component\RenderComponentFactory.h" />
    <ClInclude Include="Engine\Graphics\Object\IDrawable.h" />
    <ClInclude Include="Engine\Graphics\Object\Line\Line.h" />
    <ClInclude Include="Engine\Graphics\Object\Triangle\Triangle.h" />
    <ClInclude Include="Engine\Graphics\ShaderCompiler\ShaderCompiler.h" />
    <ClInclude Include="Engine\Graphics\Texture\TextureManager.h" />
    <ClInclude Include="Engine\InputDevice\InputDevice.h" />
    <ClInclude Include="Game\Game.h" />
    <ClInclude Include="Engine\Utils\DeltaTime.h" />
    <ClInclude Include="Engine\Utils\Logger.h" />
    <ClInclude Include="Engine\Utils\StringUtils.h" />
    <ClInclude Include="Engine\Window\Window.h" />
    <ClInclude Include="Debug\Debug.h" />
    <ClInclude Include="Engine\Engine.h" />
    <ClInclude Include="Engine\Graphics\Object\Sprite\Sprite.h" />
    <ClInclude Include="Engine\Graphics\Object\Sphere\Sphere.h" />
    <ClInclude Include="Engine\Graphics\ResourceFactory\ResourceFactory.h" />
    <ClInclude Include="Engine\Graphics\ResourceFactory\InstancedWvpColorBuffer.h" />
    <ClInclude Include="Engine\Graphics\DirectXDevice\DirectXDevice.h" />
    <ClInclude Include="Engine\Graphics\CommandManager\CommandManager.h" />
    <ClInclude Include="Engine\Graphics\Renderer\DirectXManager.h" />
    <ClInclude Include="Engine\Graphics\Renderer\Renderer.h" />
    <ClInclude Include="Engine\Graphics\SwapChainManager\SwapChainManager.h" />
    <ClInclude Include="Engine\Graphics\Object\Cube\Cube.h" />
    <ClInclude Include="Math\Collision.h" />
    <ClInclude Include="Engine\Graphics\Lighting\SceneLight.h" />
    <ClInclude Include="Engine\Audio\AudioManager.h" />
    <ClInclude Include="Engine\Audio\Sound.h" />
    <ClInclude Include="Engine\Graphics\Object\Model\Model.h" />
    <ClInclude Include="Engine\Graphics\Pipeline\SkinnedPipeline.h" />
    <ClInclude Include="Engine\Graphics\Pipeline\PipelineCommandHelper.h" />
    <ClInclude Include="Engine\Graphics\Pipeline\PipelineBase.h" />
  </ItemGroup>
  <ItemGroup>
    <Text Include="Externals\imgui\LICENSE.txt">
      <Filter>imgui</Filter>
    </Text>
  </ItemGroup>
  <ItemGroup>
    <ResourceCompile Include="Resources\Icon\ClearRootEngine.rc">
      <Filter>リソース ファイル</Filter>
    </ResourceCompile>
  </ItemGroup>
  <ItemGroup>
    <FxCompile Include="HLSL\Object3d.PS.hlsl">
      <Filter>HLSL</Filter>
    </FxCompile>
    <FxCompile Include="HLSL\Object3d.VS.hlsl">
      <Filter>HLSL</Filter>
    </FxCompile>
    <FxCompile Include="HLSL\Line.PS.hlsl">
      <Filter>HLSL</Filter>
    </FxCompile>
    <FxCompile Include="HLSL\Line.VS.hlsl">
      <Filter>HLSL</Filter>
    </FxCompile>
    <FxCompile Include="HLSL\SkinnedObject3d.VS.hlsl" />
  </ItemGroup>
</Project>