<?xml version="1.0" encoding="utf-8"?>
<Project ToolsVersion="4.0" xmlns="http://schemas.microsoft.com/developer/msbuild/2003">
  <ItemGroup>
    <Filter Include="リソース ファイル">
      <UniqueIdentifier>{67DA6AB6-F800-4c08-8B7A-83BB121AAD01}</UniqueIdentifier>
      <Extensions>rc;ico;cur;bmp;dlg;rc2;rct;bin;rgs;gif;jpg;jpeg;jpe;resx;tiff;tif;png;wav;mfcribbon-ms</Extensions>
    </Filter>
    <Filter Include="Math">
      <UniqueIdentifier>{199f6276-3b66-4a3c-a0c1-eea1d3bc4747}</UniqueIdentifier>
    </Filter>
    <Filter Include="imgui">
      <UniqueIdentifier>{ab060979-25c6-4be0-abb0-ed35e516c385}</UniqueIdentifier>
    </Filter>
    <Filter Include="ImGuizmo">
      <UniqueIdentifier>{7f3f5b3f-2e5a-4c1a-9a3e-3b1d6f9b2c6a}</UniqueIdentifier>
    </Filter>
    <Filter Include="HLSL">
      <UniqueIdentifier>{1468e40e-d21c-4e52-a632-942cfb664c74}</UniqueIdentifier>
    </Filter>
    <Filter Include="Particle">
      <UniqueIdentifier>{38855aa0-c01c-46c4-956c-1bf1429379af}</UniqueIdentifier>
    </Filter>
  </ItemGroup>
  <ItemGroup>
    <None Include=".editorconfig" />
    <None Include="HLSL\Object3d.hlsli">
      <Filter>HLSL</Filter>
    </None>
  </ItemGroup>
  <ItemGroup>
    <ClCompile Include="main.cpp" />
    <ClCompile Include="Externals\imgui\imgui.cpp">
      <Filter>imgui</Filter>
    </ClCompile>
    <ClCompile Include="Externals\imgui\imgui_demo.cpp">
      <Filter>imgui</Filter>
    </ClCompile>
    <ClCompile Include="Externals\imgui\imgui_draw.cpp">
      <Filter>imgui</Filter>
    </ClCompile>
    <ClCompile Include="Externals\imgui\imgui_impl_dx12.cpp">
      <Filter>imgui</Filter>
    </ClCompile>
    <ClCompile Include="Externals\imgui\imgui_impl_win32.cpp">
      <Filter>imgui</Filter>
    </ClCompile>
    <ClCompile Include="Externals\imgui\imgui_tables.cpp">
      <Filter>imgui</Filter>
    </ClCompile>
    <ClCompile Include="Externals\imgui\imgui_widgets.cpp">
      <Filter>imgui</Filter>
    </ClCompile>
    <ClCompile Include="Externals\imgui\imguiManager.cpp">
      <Filter>imgui</Filter>
    </ClCompile>
    <ClCompile Include="Externals\ImGuizmo\src\ImGuizmo.cpp">
      <Filter>ImGuizmo</Filter>
    </ClCompile>
    <ClCompile Include="Particle\TrailParticle3D.cpp">
      <Filter>Particle</Filter>
    </ClCompile>
    <ClCompile Include="Engine\Camera\Camera.cpp" />
    <ClCompile Include="Engine\Graphics\Pipeline\LinePipeline.cpp" />
    <ClCompile Include="Engine\Graphics\Pipeline\Pipeline.cpp" />
    <ClCompile Include="Engine\Graphics\DescriptorHeaps\DescriptorHeaps.cpp" />
    <ClCompile Include="Engine\GameObject\Systems\ColliderSystem.cpp" />
    <ClCompile Include="Engine\GameObject\Systems\GizmoController.cpp" />
    <ClCompile Include="Engine\GameObject\Systems\ScreenRay.cpp" />
    <ClCompile Include="Engine\GameObject\Systems\HitEffect.cpp" />
    <ClCompile Include="Engine\GameObject\GameObject.cpp" />
    <ClCompile Include="Engine\GameObject\ComponentManager.cpp" />
    <ClCompile Include="Engine\GameObject\ComponentRegistry.cpp" />
    <ClCompile Include="Engine\GameObject\ComponentRegistration.cpp" />
    <ClCompile Include="Engine\GameObject\SceneSerializer.cpp" />
    <ClCompile Include="Engine\GameObject\ObjectArchetypes.cpp" />
    <ClCompile Include="Engine\GameObject\Component\TransformComponent.cpp" />
    <ClCompile Include="Engine\GameObject\Component\Render\RenderComponentBase.cpp" />
    <ClCompile Include="Engine\GameObject\Component\Render\CubeRenderComponent.cpp" />
    <ClCompile Include="Engine\GameObject\Component\Render\GridBackgroundComponent.cpp" />
    <ClCompile Include="Engine\GameObject\Component\Render\ClickHintMarkerComponent.cpp" />
    <ClCompile Include="Engine\GameObject\Component\Render\SphereRenderComponent.cpp" />
    <ClCompile Include="Engine\GameObject\Component\Render\TriangleRenderComponent.cpp" />
    <ClCompile Include="Engine\GameObject\Component\Render\ModelRenderComponent.cpp" />
    <ClCompile Include="Engine\GameObject\Component\Render\SpriteRenderComponent.cpp" />
    <ClCompile Include="Engine\GameObject\Component\Render\TextRenderComponent.cpp" />
    <ClCompile Include="Engine\GameObject\Component\Render\AlphabetTextComponent.cpp" />
    <ClCompile Include="Engine\GameObject\Component\Render\DashedLineComponent.cpp" />
    <ClCompile Include="Engine\GameObject\Component\Render\RankingComponent.cpp" />
    <ClCompile Include="Engine\GameObject\Component\Render\ComboPopupComponent.cpp" />
    <ClCompile Include="Engine\GameObject\Component\Render\RenderComponentFactory.cpp" />
    <ClCompile Include="Engine\GameObject\Component\Render\TextureSelectorComponent.cpp" />
    <ClCompile Include="Engine\GameObject\Component\Render\MirrorComponent.cpp" />
    <ClCompile Include="Engine\GameObject\Component\Physics\ColliderComponentBase.cpp" />
    <ClCompile Include="Engine\GameObject\Component\Physics\SphereColliderComponent.cpp" />
    <ClCompile Include="Engine\GameObject\Component\Physics\OBBColliderComponent.cpp" />
    <ClCompile Include="Engine\GameObject\Component\Physics\GravityComponent.cpp" />
    <ClCompile Include="Engine\GameObject\Component\Physics\RotatorComponent.cpp" />
    <ClCompile Include="Engine\GameObject\Component\Physics\GridBoardComponent.cpp" />
    <ClCompile Include="Engine\GameObject\Component\Physics\GridBoardPlayerComponent.cpp" />
    <ClCompile Include="Engine\GameObject\Component\Physics\GridItemComponent.cpp" />
    <ClCompile Include="Engine\GameObject\Component\Physics\ParticleComponent.cpp" />
    <ClCompile Include="Engine\GameObject\Component\Physics\ParticleEmitterComponent.cpp" />
    <ClCompile Include="Engine\GameObject\Component\Physics\ParticleTemplateComponent.cpp" />
    <ClCompile Include="Engine\GameObject\Component\Physics\SpawnMoveComponent.cpp" />
    <ClCompile Include="Engine\GameObject\Component\Physics\PlayButtonComponent.cpp" />
    <ClCompile Include="Engine\GameObject\Component\Physics\PlayerControllerComponent.cpp" />
    <ClCompile Include="Engine\GameObject\Component\Physics\GamepadControllerComponent.cpp" />
    <ClCompile Include="Engine\GameObject\Component\Physics\GamepadMoveComponent.cpp" />
    <ClCompile Include="Engine\GameObject\Component\Physics\HealthComponent.cpp" />
    <ClCompile Include="Engine\GameObject\Component\Physics\AutoRunComponent.cpp" />
    <ClCompile Include="Engine\GameObject\Component\Physics\ReflexPlayerComponent.cpp" />
    <ClCompile Include="Engine\GameObject\Component\Physics\ReflexPathVisualizer.cpp" />
    <ClCompile Include="Engine\GameObject\Component\Physics\ReflexPlayerAttackComponent.cpp" />
    <ClCompile Include="Engine\GameObject\Component\Physics\ReflexEnemyComponent.cpp" />
    <ClCompile Include="Engine\GameObject\Component\Physics\ReflexEnemyHealthBarComponent.cpp" />
    <ClCompile Include="Engine\GameObject\Component\Physics\ReflexEnemySpawnerComponent.cpp" />
    <ClCompile Include="Engine\GameObject\Component\Lighting\DirectionalLightComponent.cpp" />
    <ClCompile Include="Engine\GameObject\Component\Lighting\PointLightComponent.cpp" />
    <ClCompile Include="Engine\GameObject\Component\Lighting\SpotLightComponent.cpp" />
    <ClCompile Include="Engine\GameObject\Component\Audio\AudioSourceComponent.cpp" />
    <ClCompile Include="Engine\GameObject\Component\Audio\HitSoundComponent.cpp" />
    <ClCompile Include="Engine\GameObject\Component\Audio\SpawnSoundComponent.cpp" />
    <ClCompile Include="Engine\GameObject\Component\Camera\CameraComponent.cpp" />
    <ClCompile Include="Engine\GameObject\Component\Camera\CameraFollowComponent.cpp" />
    <ClCompile Include="Engine\GameObject\Component\Camera\RankingCameraScrollerComponent.cpp" />
    <ClCompile Include="Engine\GameObject\Component\Camera\GamepadCameraLookComponent.cpp" />
    <ClCompile Include="Engine\GameObject\Component\Physics\GravityFlipComponent.cpp" />
    <ClCompile Include="Engine\GameObject\Component\Physics\EnemyBounceComponent.cpp" />
    <ClCompile Include="Engine\GameObject\Component\Physics\EnemyComponent.cpp" />
    <ClCompile Include="Engine\Graphics\Object\Line\Line.cpp" />
    <ClCompile Include="Engine\Graphics\Object\Triangle\Triangle.cpp" />
    <ClCompile Include="Engine\Graphics\ShaderCompiler\ShaderCompiler.cpp" />
    <ClCompile Include="Engine\Graphics\Texture\TextureManager.cpp" />
    <ClCompile Include="Engine\Graphics\Text\TextBitmapBuilder.cpp" />
    <ClCompile Include="Engine\InputDevice\InputDevice.cpp" />
    <ClCompile Include="Game\Game.cpp" />
    <ClCompile Include="Game\SceneBase.cpp" />
    <ClCompile Include="Game\SceneObjectStore.cpp" />
    <ClCompile Include="Game\GameSession.cpp" />
    <ClCompile Include="Game\FadeManager.cpp" />
    <ClCompile Include="Game\PlayScene.cpp" />
    <ClCompile Include="Game\EnemySpawnManager.cpp" />
    <ClCompile Include="Game\SceneRegistry.cpp" />
    <ClCompile Include="Game\SceneManager.cpp" />
    <ClCompile Include="Game\TitleScene.cpp" />
    <ClCompile Include="Game\TutorialScene.cpp" />
    <ClCompile Include="Game\GridPuzzleScene.cpp" />
    <ClCompile Include="Game\SelectScene.cpp" />
    <ClCompile Include="Game\GameOverScene.cpp" />
    <ClCompile Include="Game\ClearScene.cpp" />
    <ClCompile Include="Game\RankingManager.cpp" />
    <ClCompile Include="Game\RankingScene.cpp" />
    <ClCompile Include="Engine\Utils\DeltaTime.cpp" />
    <ClCompile Include="Engine\Utils\Logger.cpp" />
    <ClCompile Include="Engine\Utils\StringUtils.cpp" />
    <ClCompile Include="Engine\Window\Window.cpp" />
    <ClCompile Include="Debug\Debug.cpp" />
    <ClCompile Include="Engine\Engine.cpp" />
    <ClCompile Include="Engine\Graphics\Object\Sprite\Sprite.cpp" />
    <ClCompile Include="Engine\Graphics\Object\Sphere\Sphere.cpp" />
    <ClCompile Include="Engine\Graphics\ResourceFactory\ResourceFactory.cpp" />
    <ClCompile Include="Engine\Graphics\ResourceFactory\InstancedWvpColorBuffer.cpp" />
    <ClCompile Include="Engine\Graphics\DirectXDevice\DirectXDevice.cpp" />
    <ClCompile Include="Engine\Graphics\CommandManager\CommandManager.cpp" />
    <ClCompile Include="Engine\Graphics\Renderer\DirectXManager.cpp" />
    <ClCompile Include="Engine\Graphics\Renderer\Renderer.cpp" />
    <ClCompile Include="Engine\Graphics\SwapChainManager\SwapChainManager.cpp" />
    <ClCompile Include="Engine\Graphics\Object\Cube\Cube.cpp" />
    <ClCompile Include="Math\Collision.cpp" />
    <ClCompile Include="Math\Easing.cpp" />
    <ClCompile Include="Engine\Graphics\Lighting\SceneLight.cpp" />
    <ClCompile Include="Engine\Audio\AudioManager.cpp" />
    <ClCompile Include="Engine\Audio\Sound.cpp" />
    <ClCompile Include="Engine\Audio\OneShotVoice.cpp" />
    <ClCompile Include="Engine\Graphics\Object\Model\Model.cpp" />
    <ClCompile Include="Engine\Graphics\Object\Model\Model_ObjLoader.cpp" />
    <ClCompile Include="Engine\Graphics\Object\Model\Model_AssimpLoader.cpp" />
    <ClCompile Include="Engine\Graphics\Object\Model\Model_SkeletalAnimation.cpp" />
    <ClCompile Include="Engine\Graphics\Pipeline\SkinnedPipeline.cpp" />
    <ClCompile Include="Engine\Graphics\Pipeline\PipelineBase.cpp" />
  </ItemGroup>
  <ItemGroup>
    <ClInclude Include="Math\MathTypes.h">
      <Filter>Math</Filter>
    </ClInclude>
    <ClInclude Include="Math\PulseWave.h">
      <Filter>Math</Filter>
    </ClInclude>
    <ClInclude Include="Math\MatrixMath.h">
      <Filter>Math</Filter>
    </ClInclude>
    <ClInclude Include="Math\VectorMath.h">
      <Filter>Math</Filter>
    </ClInclude>
    <ClInclude Include="Math\TransformMath.h">
      <Filter>Math</Filter>
    </ClInclude>
    <ClInclude Include="Math\JsonUtil.h">
      <Filter>Math</Filter>
    </ClInclude>
    <ClInclude Include="Math\EaseUtil.h">
      <Filter>Math</Filter>
    </ClInclude>
    <ClInclude Include="Math\EasingPreview.h">
      <Filter>Math</Filter>
    </ClInclude>
    <ClInclude Include="Externals\imgui\imconfig.h">
      <Filter>imgui</Filter>
    </ClInclude>
    <ClInclude Include="Externals\imgui\imgui.h">
      <Filter>imgui</Filter>
    </ClInclude>
    <ClInclude Include="Externals\imgui\imgui_impl_dx12.h">
      <Filter>imgui</Filter>
    </ClInclude>
    <ClInclude Include="Externals\imgui\imgui_impl_win32.h">
      <Filter>imgui</Filter>
    </ClInclude>
    <ClInclude Include="Externals\imgui\imgui_internal.h">
      <Filter>imgui</Filter>
    </ClInclude>
    <ClInclude Include="Externals\imgui\imstb_rectpack.h">
      <Filter>imgui</Filter>
    </ClInclude>
    <ClInclude Include="Externals\imgui\imstb_textedit.h">
      <Filter>imgui</Filter>
    </ClInclude>
    <ClInclude Include="Externals\imgui\imstb_truetype.h">
      <Filter>imgui</Filter>
    </ClInclude>
    <ClInclude Include="Externals\imgui\imguiManager.h">
      <Filter>imgui</Filter>
    </ClInclude>
    <ClInclude Include="Externals\ImGuizmo\src\ImGuizmo.h">
      <Filter>ImGuizmo</Filter>
    </ClInclude>
    <ClInclude Include="Particle\TrailParticle3D.h">
      <Filter>Particle</Filter>
    </ClInclude>
    <ClInclude Include="Engine\Camera\Camera.h" />
    <ClInclude Include="Engine\Graphics\Pipeline\LinePipeline.h" />
    <ClInclude Include="Engine\Graphics\Pipeline\Pipeline.h" />
    <ClInclude Include="Engine\Graphics\DescriptorHeaps\DescriptorHeaps.h" />
    <ClInclude Include="Engine\GameObject\GameObject.h" />
    <ClInclude Include="Engine\GameObject\IComponent.h" />
    <ClInclude Include="Engine\GameObject\ComponentManager.h" />
    <ClInclude Include="Engine\GameObject\ComponentLoadContext.h" />
    <ClInclude Include="Engine\GameObject\ComponentRegistry.h" />
    <ClInclude Include="Engine\GameObject\ComponentRegistration.h" />
    <ClInclude Include="Engine\GameObject\SceneSerializer.h" />
    <ClInclude Include="Engine\GameObject\ObjectArchetypes.h" />
    <ClInclude Include="Engine\GameObject\Systems\ColliderSystem.h" />
    <ClInclude Include="Engine\GameObject\Systems\GizmoController.h" />
    <ClInclude Include="Engine\GameObject\Systems\ScreenRay.h" />
    <ClInclude Include="Engine\GameObject\Systems\HitEffect.h" />
    <ClInclude Include="Engine\GameObject\Component\TransformComponent.h" />
    <ClInclude Include="Engine\GameObject\Component\Render\RenderComponentBase.h" />
    <ClInclude Include="Engine\GameObject\Component\Render\CubeRenderComponent.h" />
    <ClInclude Include="Engine\GameObject\Component\Render\GridBackgroundComponent.h" />
    <ClInclude Include="Engine\GameObject\Component\Render\ClickHintMarkerComponent.h" />
    <ClInclude Include="Engine\GameObject\Component\Render\SphereRenderComponent.h" />
    <ClInclude Include="Engine\GameObject\Component\Render\TriangleRenderComponent.h" />
    <ClInclude Include="Engine\GameObject\Component\Render\ModelRenderComponent.h" />
    <ClInclude Include="Engine\GameObject\Component\Render\SpriteRenderComponent.h" />
    <ClInclude Include="Engine\GameObject\Component\Render\TextRenderComponent.h" />
    <ClInclude Include="Engine\GameObject\Component\Render\AlphabetTextComponent.h" />
    <ClInclude Include="Engine\GameObject\Component\Render\DashedLineComponent.h" />
    <ClInclude Include="Engine\GameObject\Component\Render\RankingComponent.h" />
    <ClInclude Include="Engine\GameObject\Component\Render\ComboPopupComponent.h" />
    <ClInclude Include="Engine\GameObject\Component\Render\TextureEntry.h" />
    <ClInclude Include="Engine\GameObject\Component\Render\TextureSelectorComponent.h" />
    <ClInclude Include="Engine\GameObject\Component\Render\MirrorComponent.h" />
    <ClInclude Include="Engine\GameObject\Component\Render\RenderComponentFactory.h" />
    <ClInclude Include="Engine\GameObject\Component\Render\Render.h" />
    <ClInclude Include="Engine\GameObject\Component\Physics\SphereColliderComponent.h" />
    <ClInclude Include="Engine\GameObject\Component\Physics\OBBColliderComponent.h" />
    <ClInclude Include="Engine\GameObject\Component\Physics\CollisionLayer.h" />
    <ClInclude Include="Engine\GameObject\Component\Physics\ColliderComponentBase.h" />
    <ClInclude Include="Engine\GameObject\Component\Physics\GravityComponent.h" />
    <ClInclude Include="Engine\GameObject\Component\Physics\RotatorComponent.h" />
    <ClInclude Include="Engine\GameObject\Component\Physics\GridBoardComponent.h" />
    <ClInclude Include="Engine\GameObject\Component\Physics\GridBoardPlayerComponent.h" />
    <ClInclude Include="Engine\GameObject\Component\Physics\GridItemComponent.h" />
    <ClInclude Include="Engine\GameObject\Component\Physics\ParticleComponent.h" />
    <ClInclude Include="Engine\GameObject\Component\Physics\ParticleEmitterComponent.h" />
    <ClInclude Include="Engine\GameObject\Component\Physics\ParticleTemplateComponent.h" />
    <ClInclude Include="Engine\GameObject\Component\Physics\SpawnMoveComponent.h" />
    <ClInclude Include="Engine\GameObject\Component\Physics\PlayButtonComponent.h" />
    <ClInclude Include="Engine\GameObject\Component\Physics\GravityDirection.h" />
    <ClInclude Include="Engine\GameObject\Component\Physics\GravityFlipComponent.h" />
    <ClInclude Include="Engine\GameObject\Component\Physics\EnemyBounceComponent.h" />
    <ClInclude Include="Engine\GameObject\Component\Physics\EnemyComponent.h" />
    <ClInclude Include="Engine\GameObject\Component\Physics\PlayerControllerComponent.h" />
    <ClInclude Include="Engine\GameObject\Component\Physics\GamepadControllerComponent.h" />
    <ClInclude Include="Engine\GameObject\Component\Physics\GamepadMoveComponent.h" />
    <ClInclude Include="Engine\GameObject\Component\Physics\HealthComponent.h" />
    <ClInclude Include="Engine\GameObject\Component\Physics\AutoRunComponent.h" />
    <ClInclude Include="Engine\GameObject\Component\Physics\ReflexPlayerComponent.h" />
    <ClInclude Include="Engine\GameObject\Component\Physics\ReflexPathVisualizer.h" />
    <ClInclude Include="Engine\GameObject\Component\Physics\ReflexPlayerAttackComponent.h" />
    <ClInclude Include="Engine\GameObject\Component\Physics\ReflexEnemyComponent.h" />
    <ClInclude Include="Engine\GameObject\Component\Physics\ReflexEnemyHealthBarComponent.h" />
    <ClInclude Include="Engine\GameObject\Component\Physics\ReflexEnemySpawnerComponent.h" />
    <ClInclude Include="Engine\GameObject\Component\Physics\Physics.h" />
    <ClInclude Include="Engine\GameObject\Component\Lighting\ILightComponent.h" />
    <ClInclude Include="Engine\GameObject\Component\Lighting\DirectionalLightComponent.h" />
    <ClInclude Include="Engine\GameObject\Component\Lighting\PointLightComponent.h" />
    <ClInclude Include="Engine\GameObject\Component\Lighting\SpotLightComponent.h" />
    <ClInclude Include="Engine\GameObject\Component\Lighting\Lighting.h" />
    <ClInclude Include="Engine\GameObject\Component\Audio\AudioSourceComponent.h" />
    <ClInclude Include="Engine\GameObject\Component\Audio\HitSoundComponent.h" />
    <ClInclude Include="Engine\GameObject\Component\Audio\SpawnSoundComponent.h" />
    <ClInclude Include="Engine\GameObject\Component\Audio\ProjectAssetEntry.h" />
    <ClInclude Include="Engine\GameObject\Component\Audio\Audio.h" />
    <ClInclude Include="Engine\GameObject\Component\Camera\CameraComponent.h" />
    <ClInclude Include="Engine\GameObject\Component\Camera\GamepadCameraLookComponent.h" />
    <ClInclude Include="Engine\GameObject\Component\Camera\CameraFollowComponent.h" />
    <ClInclude Include="Engine\GameObject\Component\Camera\RankingCameraScrollerComponent.h" />
    <ClInclude Include="Engine\GameObject\Component\Camera\Camera.h" />
    <ClInclude Include="Engine\Graphics\Object\IDrawable.h" />
    <ClInclude Include="Engine\Graphics\Object\Line\Line.h" />
    <ClInclude Include="Engine\Graphics\Object\Triangle\Triangle.h" />
    <ClInclude Include="Engine\Graphics\ShaderCompiler\ShaderCompiler.h" />
    <ClInclude Include="Engine\Graphics\Texture\TextureManager.h" />
    <ClInclude Include="Engine\Graphics\Text\TextBitmapBuilder.h" />
    <ClInclude Include="Engine\InputDevice\InputDevice.h" />
    <ClInclude Include="Game\Game.h" />
    <ClInclude Include="Game\GameTags.h" />
    <ClInclude Include="Game\SceneBase.h" />
    <ClInclude Include="Game\SpawnMovePresets.h" />
    <ClInclude Include="Game\EnemySpawnManager.h" />
    <ClInclude Include="Game\SceneObjectStore.h" />
    <ClInclude Include="Game\GameSession.h" />
    <ClInclude Include="Game\FadeManager.h" />
    <ClInclude Include="Game\PlayScene.h" />
    <ClInclude Include="Game\SceneRegistry.h" />
    <ClInclude Include="Game\IScene.h" />
    <ClInclude Include="Game\SceneManager.h" />
    <ClInclude Include="Game\TitleScene.h" />
    <ClInclude Include="Game\TutorialScene.h" />
    <ClInclude Include="Game\GridPuzzleScene.h" />
    <ClInclude Include="Game\SelectScene.h" />
    <ClInclude Include="Game\GameOverScene.h" />
    <ClInclude Include="Game\ClearScene.h" />
    <ClInclude Include="Game\RankingManager.h" />
    <ClInclude Include="Game\RankingScene.h" />
    <ClInclude Include="Engine\Utils\DeltaTime.h" />
    <ClInclude Include="Engine\Utils\EditorState.h" />
    <ClInclude Include="Engine\Utils\Logger.h" />
    <ClInclude Include="Engine\Utils\StringUtils.h" />
    <ClInclude Include="Engine\Window\Window.h" />
    <ClInclude Include="Debug\Debug.h" />
    <ClInclude Include="Engine\Engine.h" />
    <ClInclude Include="Engine\Graphics\Object\Sprite\Sprite.h" />
    <ClInclude Include="Engine\Graphics\Object\Sphere\Sphere.h" />
    <ClInclude Include="Engine\Graphics\ResourceFactory\ResourceFactory.h" />
    <ClInclude Include="Engine\Graphics\ResourceFactory\InstancedWvpColorBuffer.h" />
    <ClInclude Include="Engine\Graphics\DirectXDevice\DirectXDevice.h" />
    <ClInclude Include="Engine\Graphics\CommandManager\CommandManager.h" />
    <ClInclude Include="Engine\Graphics\Renderer\DirectXManager.h" />
    <ClInclude Include="Engine\Graphics\Renderer\Renderer.h" />
    <ClInclude Include="Engine\Graphics\Renderer\LazyModelHandle.h" />
    <ClInclude Include="Engine\Graphics\SwapChainManager\SwapChainManager.h" />
    <ClInclude Include="Engine\Graphics\Object\Cube\Cube.h" />
    <ClInclude Include="Math\Collision.h" />
    <ClInclude Include="Math\Easing.h" />
    <ClInclude Include="Engine\Graphics\Lighting\SceneLight.h" />
    <ClInclude Include="Engine\Audio\AudioManager.h" />
    <ClInclude Include="Engine\Audio\Sound.h" />
    <ClInclude Include="Engine\Audio\OneShotVoice.h" />
    <ClInclude Include="Engine\Graphics\Object\Model\Model.h" />
    <ClInclude Include="Engine\Graphics\Pipeline\SkinnedPipeline.h" />
    <ClInclude Include="Engine\Graphics\Pipeline\PipelineCommandHelper.h" />
    <ClInclude Include="Engine\Graphics\Pipeline\PipelineBase.h" />
  </ItemGroup>
  <ItemGroup>
    <Text Include="Externals\imgui\LICENSE.txt">
      <Filter>imgui</Filter>
    </Text>
  </ItemGroup>
  <ItemGroup>
    <ResourceCompile Include="Resources\Icon\ClearRootEngine.rc">
      <Filter>リソース ファイル</Filter>
    </ResourceCompile>
  </ItemGroup>
  <ItemGroup>
    <FxCompile Include="HLSL\Object3d.PS.hlsl">
      <Filter>HLSL</Filter>
    </FxCompile>
    <FxCompile Include="HLSL\Object3d.VS.hlsl">
      <Filter>HLSL</Filter>
    </FxCompile>
    <FxCompile Include="HLSL\Line.PS.hlsl">
      <Filter>HLSL</Filter>
    </FxCompile>
    <FxCompile Include="HLSL\Line.VS.hlsl">
      <Filter>HLSL</Filter>
    </FxCompile>
    <FxCompile Include="HLSL\SkinnedObject3d.VS.hlsl" />
  </ItemGroup>
  <ItemGroup>
    <ClCompile Include="Game\Scripts\TESTComponent.cpp" />
    <ClInclude Include="Game\Scripts\TESTComponent.h" />
  </ItemGroup>
</Project>