<?xml version="1.0" encoding="utf-8"?>
<Project ToolsVersion="4.0" xmlns="http://schemas.microsoft.com/developer/msbuild/2003">
  <ItemGroup>
    <Filter Include="リソース ファイル">
      <UniqueIdentifier>{67DA6AB6-F800-4c08-8B7A-83BB121AAD01}</UniqueIdentifier>
      <Extensions>rc;ico;cur;bmp;dlg;rc2;rct;bin;rgs;gif;jpg;jpeg;jpe;resx;tiff;tif;png;wav;mfcribbon-ms</Extensions>
    </Filter>
    <Filter Include="Debug">
      <UniqueIdentifier>{e6f19063-c97c-4da0-8615-39a3e1e00d8d}</UniqueIdentifier>
    </Filter>
    <Filter Include="Window">
      <UniqueIdentifier>{4e0099ef-861b-4b4b-a7fb-72580d66fbf8}</UniqueIdentifier>
    </Filter>
    <Filter Include="Graphics">
      <UniqueIdentifier>{15f6e967-c2a8-4c30-a51b-1e610e33e60b}</UniqueIdentifier>
    </Filter>
    <Filter Include="Utils">
      <UniqueIdentifier>{a2c4be14-e7fd-4668-9e90-2a70af4e2a4c}</UniqueIdentifier>
    </Filter>
    <Filter Include="Renderer">
      <UniqueIdentifier>{0dd4f975-e789-4334-8cc0-b2b600e88112}</UniqueIdentifier>
    </Filter>
    <Filter Include="Math">
      <UniqueIdentifier>{199f6276-3b66-4a3c-a0c1-eea1d3bc4747}</UniqueIdentifier>
    </Filter>
  </ItemGroup>
  <ItemGroup>
    <None Include=".editorconfig" />
  </ItemGroup>
  <ItemGroup>
    <ClCompile Include="main.cpp" />
    <ClCompile Include="Window\WindowManager.cpp">
      <Filter>Window</Filter>
    </ClCompile>
    <ClCompile Include="Graphics\DirectXManager.cpp">
      <Filter>Graphics</Filter>
    </ClCompile>
    <ClCompile Include="Utils\Logger.cpp">
      <Filter>Utils</Filter>
    </ClCompile>
    <ClCompile Include="Utils\StringUtils.cpp">
      <Filter>Utils</Filter>
    </ClCompile>
    <ClCompile Include="Debug\DebugManager.cpp">
      <Filter>Debug</Filter>
    </ClCompile>
    <ClCompile Include="Renderer\PrimitiveRenderer.cpp">
      <Filter>Renderer</Filter>
    </ClCompile>
    <ClCompile Include="pch.cpp" />
  </ItemGroup>
  <ItemGroup>
    <ClInclude Include="Window\WindowManager.h">
      <Filter>Window</Filter>
    </ClInclude>
    <ClInclude Include="Graphics\DirectXManager.h">
      <Filter>Graphics</Filter>
    </ClInclude>
    <ClInclude Include="Utils\Logger.h">
      <Filter>Utils</Filter>
    </ClInclude>
    <ClInclude Include="Utils\StringUtils.h">
      <Filter>Utils</Filter>
    </ClInclude>
    <ClInclude Include="Debug\DebugManager.h">
      <Filter>Debug</Filter>
    </ClInclude>
    <ClInclude Include="Renderer\PrimitiveRenderer.h">
      <Filter>Renderer</Filter>
    </ClInclude>
    <ClInclude Include="pch.h" />
    <ClInclude Include="MathTypes.h">
      <Filter>Math</Filter>
    </ClInclude>
  </ItemGroup>
  <ItemGroup>
    <FxCompile Include="Object3d.VS.hlsl" />
    <FxCompile Include="Object3d.PS.hlsl" />
  </ItemGroup>
</Project>